<Solution>
  <Project Path="B3TaxCalculator/B3TaxCalculator.csproj" />
  <Project Path="B3TaxCalculator.API/B3TaxCalculator.API.csproj">
    <Build Solution="Debug|*" Project="false" />
  </Project>
  <Project Path="B3TaxCalculator.Core/B3TaxCalculator.Core.csproj">
    <Build Solution="Debug|*" Project="false" />
  </Project>
  <Project Path="B3TaxCalculator.Tests/B3TaxCalculator.Tests.csproj" />
</Solution>
